
Microsoft Visual Studio Solution File, Format Version 12.00
# Visual Studio Version 17
VisualStudioVersion = 17.0.31903.59
MinimumVisualStudioVersion = 10.0.40219.1
Project("{2150E333-8FDC-42A3-9474-1A3956D46DE8}") = "src", "src", "{C59D243D-C6D8-4C7B-93D0-410F15E18EC4}"
EndProject
Project("{9A19103F-16F7-4668-BE54-9A1E7A4F7556}") = "Result", "src\Result\Result.csproj", "{36D03BF5-2DBE-4008-82BD-D4FA7DA055C6}"
EndProject
Project("{9A19103F-16F7-4668-BE54-9A1E7A4F7556}") = "Extensions", "src\Extensions\Extensions.csproj", "{99C7F2E8-6833-4CCA-93C3-91BE28954241}"
EndProject
Project("{9A19103F-16F7-4668-BE54-9A1E7A4F7556}") = "UnitTests", "tests\UnitTests\UnitTests.csproj", "{2FD31AF3-3680-484B-A54D-3C1895E2D470}"
EndProject
Project("{2150E333-8FDC-42A3-9474-1A3956D46DE8}") = "tests", "tests", "{2371DB44-C3F0-4BE0-9589-4A8F02C3D1EB}"
EndProject
Project("{9A19103F-16F7-4668-BE54-9A1E7A4F7556}") = "Specification", "src\Specification\Specification.csproj", "{F6A10E5C-74B3-43BA-A6A4-3A4C39388913}"
EndProject
Project("{9A19103F-16F7-4668-BE54-9A1E7A4F7556}") = "Ddd.Core", "src\Ddd.Core\Ddd.Core.csproj", "{D4C47205-EADA-4B1D-B5EE-0654135E0CD5}"
EndProject
Project("{9A19103F-16F7-4668-BE54-9A1E7A4F7556}") = "Caching", "src\Caching\Caching.csproj", "{CDADB2D9-FEDE-4696-83DB-026941E52135}"
EndProject
Project("{9A19103F-16F7-4668-BE54-9A1E7A4F7556}") = "EntityFrameworkCore", "src\EntityFrameworkCore\EntityFrameworkCore.csproj", "{23F82BEC-0EF3-43FA-BF60-355B1397927E}"
EndProject
Project("{9A19103F-16F7-4668-BE54-9A1E7A4F7556}") = "Serilog", "src\Serilog\Serilog.csproj", "{9AE4DE44-FAC1-489B-AF8F-06CC9D5409D2}"
EndProject
Project("{2150E333-8FDC-42A3-9474-1A3956D46DE8}") = "apps", "apps", "{FBB06389-2258-4BFF-B4E9-98E00658037A}"
EndProject
Project("{9A19103F-16F7-4668-BE54-9A1E7A4F7556}") = "SmtpMail", "src\SmtpMail\SmtpMail.csproj", "{7137D2D6-5736-4B19-8460-2F6E4AADB182}"
EndProject
Project("{9A19103F-16F7-4668-BE54-9A1E7A4F7556}") = "Graph", "src\Graph\Graph.csproj", "{1E67FA82-BC9C-4C31-BFE4-527869E43DF7}"
EndProject
Project("{9A19103F-16F7-4668-BE54-9A1E7A4F7556}") = "Telegram", "src\Telegram\Telegram.csproj", "{DAB4C153-646A-4992-866F-9974CC1295D5}"
EndProject
Project("{9A19103F-16F7-4668-BE54-9A1E7A4F7556}") = "AspNetCore", "src\AspNetCore\AspNetCore.csproj", "{9437E056-6B0C-4B67-9CA7-18BAEF750431}"
EndProject
Project("{2150E333-8FDC-42A3-9474-1A3956D46DE8}") = "sample", "sample", "{5A37EDFD-C23A-4B06-9192-048D2E1D6E32}"
EndProject
Project("{9A19103F-16F7-4668-BE54-9A1E7A4F7556}") = "Sample", "sample\Sample\Sample.csproj", "{E921200B-1904-402F-8B94-C51948E9E69E}"
EndProject
Project("{9A19103F-16F7-4668-BE54-9A1E7A4F7556}") = "Mail.Contracts", "src\Mail.Contracts\Mail.Contracts.csproj", "{746ED270-62F2-4D83-B276-C8333696ACA3}"
EndProject
Project("{9A19103F-16F7-4668-BE54-9A1E7A4F7556}") = "AspNetCore.Extensions", "src\AspNetCore.Extensions\AspNetCore.Extensions.csproj", "{CD0598BE-9A1A-4BF0-92A8-253691359E09}"
EndProject
Project("{9A19103F-16F7-4668-BE54-9A1E7A4F7556}") = "FileGenerator", "src\FileGenerator\FileGenerator.csproj", "{A74A1647-0C3B-4C47-BCD0-6442D59BEFA6}"
EndProject
Project("{9A19103F-16F7-4668-BE54-9A1E7A4F7556}") = "EventBus", "src\EventBus\EventBus.csproj", "{9C2E42A9-5E6F-41F4-8CD4-BDEF62D069F5}"
EndProject
Project("{9A19103F-16F7-4668-BE54-9A1E7A4F7556}") = "EventBus.MassTransit.RabbitMQ", "src\EventBus.MassTransit.RabbitMQ\EventBus.MassTransit.RabbitMQ.csproj", "{2AC0DBA9-5FD1-46D6-A05E-226A1F5EA6F6}"
EndProject
Project("{9A19103F-16F7-4668-BE54-9A1E7A4F7556}") = "EventBusSample", "sample\EventBusSample\EventBusSample.csproj", "{6189C9CA-9172-4297-ABB9-05E05FDD2DAD}"
EndProject
Project("{9A19103F-16F7-4668-BE54-9A1E7A4F7556}") = "Swagger", "src\Swagger\Swagger.csproj", "{C90A4EAC-61A1-4D4A-906C-52831EF8177E}"
EndProject
Project("{9A19103F-16F7-4668-BE54-9A1E7A4F7556}") = "IntegrationTests", "tests\IntegrationTests\IntegrationTests.csproj", "{3CDCEBC0-E8E2-4F27-BC32-14FE0D197963}"
EndProject
Project("{9A19103F-16F7-4668-BE54-9A1E7A4F7556}") = "EventBusConsumer", "sample\EventBusConsumer\EventBusConsumer.csproj", "{56F7B301-5ADE-4664-93D9-B906D296B9F8}"
EndProject
Global
	GlobalSection(SolutionConfigurationPlatforms) = preSolution
		Debug|Any CPU = Debug|Any CPU
		Release|Any CPU = Release|Any CPU
	EndGlobalSection
	GlobalSection(ProjectConfigurationPlatforms) = postSolution
		{36D03BF5-2DBE-4008-82BD-D4FA7DA055C6}.Debug|Any CPU.ActiveCfg = Debug|Any CPU
		{36D03BF5-2DBE-4008-82BD-D4FA7DA055C6}.Debug|Any CPU.Build.0 = Debug|Any CPU
		{36D03BF5-2DBE-4008-82BD-D4FA7DA055C6}.Release|Any CPU.ActiveCfg = Release|Any CPU
		{36D03BF5-2DBE-4008-82BD-D4FA7DA055C6}.Release|Any CPU.Build.0 = Release|Any CPU
		{99C7F2E8-6833-4CCA-93C3-91BE28954241}.Debug|Any CPU.ActiveCfg = Debug|Any CPU
		{99C7F2E8-6833-4CCA-93C3-91BE28954241}.Debug|Any CPU.Build.0 = Debug|Any CPU
		{99C7F2E8-6833-4CCA-93C3-91BE28954241}.Release|Any CPU.ActiveCfg = Release|Any CPU
		{99C7F2E8-6833-4CCA-93C3-91BE28954241}.Release|Any CPU.Build.0 = Release|Any CPU
		{2FD31AF3-3680-484B-A54D-3C1895E2D470}.Debug|Any CPU.ActiveCfg = Debug|Any CPU
		{2FD31AF3-3680-484B-A54D-3C1895E2D470}.Debug|Any CPU.Build.0 = Debug|Any CPU
		{2FD31AF3-3680-484B-A54D-3C1895E2D470}.Release|Any CPU.ActiveCfg = Release|Any CPU
		{2FD31AF3-3680-484B-A54D-3C1895E2D470}.Release|Any CPU.Build.0 = Release|Any CPU
		{F6A10E5C-74B3-43BA-A6A4-3A4C39388913}.Debug|Any CPU.ActiveCfg = Debug|Any CPU
		{F6A10E5C-74B3-43BA-A6A4-3A4C39388913}.Debug|Any CPU.Build.0 = Debug|Any CPU
		{F6A10E5C-74B3-43BA-A6A4-3A4C39388913}.Release|Any CPU.ActiveCfg = Release|Any CPU
		{F6A10E5C-74B3-43BA-A6A4-3A4C39388913}.Release|Any CPU.Build.0 = Release|Any CPU
		{D4C47205-EADA-4B1D-B5EE-0654135E0CD5}.Debug|Any CPU.ActiveCfg = Debug|Any CPU
		{D4C47205-EADA-4B1D-B5EE-0654135E0CD5}.Debug|Any CPU.Build.0 = Debug|Any CPU
		{D4C47205-EADA-4B1D-B5EE-0654135E0CD5}.Release|Any CPU.ActiveCfg = Release|Any CPU
		{D4C47205-EADA-4B1D-B5EE-0654135E0CD5}.Release|Any CPU.Build.0 = Release|Any CPU
		{CDADB2D9-FEDE-4696-83DB-026941E52135}.Debug|Any CPU.ActiveCfg = Debug|Any CPU
		{CDADB2D9-FEDE-4696-83DB-026941E52135}.Debug|Any CPU.Build.0 = Debug|Any CPU
		{CDADB2D9-FEDE-4696-83DB-026941E52135}.Release|Any CPU.ActiveCfg = Release|Any CPU
		{CDADB2D9-FEDE-4696-83DB-026941E52135}.Release|Any CPU.Build.0 = Release|Any CPU
		{23F82BEC-0EF3-43FA-BF60-355B1397927E}.Debug|Any CPU.ActiveCfg = Debug|Any CPU
		{23F82BEC-0EF3-43FA-BF60-355B1397927E}.Debug|Any CPU.Build.0 = Debug|Any CPU
		{23F82BEC-0EF3-43FA-BF60-355B1397927E}.Release|Any CPU.ActiveCfg = Release|Any CPU
		{23F82BEC-0EF3-43FA-BF60-355B1397927E}.Release|Any CPU.Build.0 = Release|Any CPU
		{9AE4DE44-FAC1-489B-AF8F-06CC9D5409D2}.Debug|Any CPU.ActiveCfg = Debug|Any CPU
		{9AE4DE44-FAC1-489B-AF8F-06CC9D5409D2}.Debug|Any CPU.Build.0 = Debug|Any CPU
		{9AE4DE44-FAC1-489B-AF8F-06CC9D5409D2}.Release|Any CPU.ActiveCfg = Release|Any CPU
		{9AE4DE44-FAC1-489B-AF8F-06CC9D5409D2}.Release|Any CPU.Build.0 = Release|Any CPU
		{7137D2D6-5736-4B19-8460-2F6E4AADB182}.Debug|Any CPU.ActiveCfg = Debug|Any CPU
		{7137D2D6-5736-4B19-8460-2F6E4AADB182}.Debug|Any CPU.Build.0 = Debug|Any CPU
		{7137D2D6-5736-4B19-8460-2F6E4AADB182}.Release|Any CPU.ActiveCfg = Release|Any CPU
		{7137D2D6-5736-4B19-8460-2F6E4AADB182}.Release|Any CPU.Build.0 = Release|Any CPU
		{1E67FA82-BC9C-4C31-BFE4-527869E43DF7}.Debug|Any CPU.ActiveCfg = Debug|Any CPU
		{1E67FA82-BC9C-4C31-BFE4-527869E43DF7}.Debug|Any CPU.Build.0 = Debug|Any CPU
		{1E67FA82-BC9C-4C31-BFE4-527869E43DF7}.Release|Any CPU.ActiveCfg = Release|Any CPU
		{1E67FA82-BC9C-4C31-BFE4-527869E43DF7}.Release|Any CPU.Build.0 = Release|Any CPU
		{DAB4C153-646A-4992-866F-9974CC1295D5}.Debug|Any CPU.ActiveCfg = Debug|Any CPU
		{DAB4C153-646A-4992-866F-9974CC1295D5}.Debug|Any CPU.Build.0 = Debug|Any CPU
		{DAB4C153-646A-4992-866F-9974CC1295D5}.Release|Any CPU.ActiveCfg = Release|Any CPU
		{DAB4C153-646A-4992-866F-9974CC1295D5}.Release|Any CPU.Build.0 = Release|Any CPU
		{9437E056-6B0C-4B67-9CA7-18BAEF750431}.Debug|Any CPU.ActiveCfg = Debug|Any CPU
		{9437E056-6B0C-4B67-9CA7-18BAEF750431}.Debug|Any CPU.Build.0 = Debug|Any CPU
		{9437E056-6B0C-4B67-9CA7-18BAEF750431}.Release|Any CPU.ActiveCfg = Release|Any CPU
		{9437E056-6B0C-4B67-9CA7-18BAEF750431}.Release|Any CPU.Build.0 = Release|Any CPU
		{E921200B-1904-402F-8B94-C51948E9E69E}.Debug|Any CPU.ActiveCfg = Debug|Any CPU
		{E921200B-1904-402F-8B94-C51948E9E69E}.Debug|Any CPU.Build.0 = Debug|Any CPU
		{E921200B-1904-402F-8B94-C51948E9E69E}.Release|Any CPU.ActiveCfg = Release|Any CPU
		{E921200B-1904-402F-8B94-C51948E9E69E}.Release|Any CPU.Build.0 = Release|Any CPU
		{746ED270-62F2-4D83-B276-C8333696ACA3}.Debug|Any CPU.ActiveCfg = Debug|Any CPU
		{746ED270-62F2-4D83-B276-C8333696ACA3}.Debug|Any CPU.Build.0 = Debug|Any CPU
		{746ED270-62F2-4D83-B276-C8333696ACA3}.Release|Any CPU.ActiveCfg = Release|Any CPU
		{746ED270-62F2-4D83-B276-C8333696ACA3}.Release|Any CPU.Build.0 = Release|Any CPU
		{CD0598BE-9A1A-4BF0-92A8-253691359E09}.Debug|Any CPU.ActiveCfg = Debug|Any CPU
		{CD0598BE-9A1A-4BF0-92A8-253691359E09}.Debug|Any CPU.Build.0 = Debug|Any CPU
		{CD0598BE-9A1A-4BF0-92A8-253691359E09}.Release|Any CPU.ActiveCfg = Release|Any CPU
		{CD0598BE-9A1A-4BF0-92A8-253691359E09}.Release|Any CPU.Build.0 = Release|Any CPU
		{A74A1647-0C3B-4C47-BCD0-6442D59BEFA6}.Debug|Any CPU.ActiveCfg = Debug|Any CPU
		{A74A1647-0C3B-4C47-BCD0-6442D59BEFA6}.Debug|Any CPU.Build.0 = Debug|Any CPU
		{A74A1647-0C3B-4C47-BCD0-6442D59BEFA6}.Release|Any CPU.ActiveCfg = Release|Any CPU
		{A74A1647-0C3B-4C47-BCD0-6442D59BEFA6}.Release|Any CPU.Build.0 = Release|Any CPU
		{9C2E42A9-5E6F-41F4-8CD4-BDEF62D069F5}.Debug|Any CPU.ActiveCfg = Debug|Any CPU
		{9C2E42A9-5E6F-41F4-8CD4-BDEF62D069F5}.Debug|Any CPU.Build.0 = Debug|Any CPU
		{9C2E42A9-5E6F-41F4-8CD4-BDEF62D069F5}.Release|Any CPU.ActiveCfg = Release|Any CPU
		{9C2E42A9-5E6F-41F4-8CD4-BDEF62D069F5}.Release|Any CPU.Build.0 = Release|Any CPU
		{2AC0DBA9-5FD1-46D6-A05E-226A1F5EA6F6}.Debug|Any CPU.ActiveCfg = Debug|Any CPU
		{2AC0DBA9-5FD1-46D6-A05E-226A1F5EA6F6}.Debug|Any CPU.Build.0 = Debug|Any CPU
		{2AC0DBA9-5FD1-46D6-A05E-226A1F5EA6F6}.Release|Any CPU.ActiveCfg = Release|Any CPU
		{2AC0DBA9-5FD1-46D6-A05E-226A1F5EA6F6}.Release|Any CPU.Build.0 = Release|Any CPU
		{6189C9CA-9172-4297-ABB9-05E05FDD2DAD}.Debug|Any CPU.ActiveCfg = Debug|Any CPU
		{6189C9CA-9172-4297-ABB9-05E05FDD2DAD}.Debug|Any CPU.Build.0 = Debug|Any CPU
		{6189C9CA-9172-4297-ABB9-05E05FDD2DAD}.Release|Any CPU.ActiveCfg = Release|Any CPU
		{6189C9CA-9172-4297-ABB9-05E05FDD2DAD}.Release|Any CPU.Build.0 = Release|Any CPU
		{C90A4EAC-61A1-4D4A-906C-52831EF8177E}.Debug|Any CPU.ActiveCfg = Debug|Any CPU
		{C90A4EAC-61A1-4D4A-906C-52831EF8177E}.Debug|Any CPU.Build.0 = Debug|Any CPU
		{C90A4EAC-61A1-4D4A-906C-52831EF8177E}.Release|Any CPU.ActiveCfg = Release|Any CPU
		{C90A4EAC-61A1-4D4A-906C-52831EF8177E}.Release|Any CPU.Build.0 = Release|Any CPU
		{3CDCEBC0-E8E2-4F27-BC32-14FE0D197963}.Debug|Any CPU.ActiveCfg = Debug|Any CPU
		{3CDCEBC0-E8E2-4F27-BC32-14FE0D197963}.Debug|Any CPU.Build.0 = Debug|Any CPU
		{3CDCEBC0-E8E2-4F27-BC32-14FE0D197963}.Release|Any CPU.ActiveCfg = Release|Any CPU
		{3CDCEBC0-E8E2-4F27-BC32-14FE0D197963}.Release|Any CPU.Build.0 = Release|Any CPU
		{56F7B301-5ADE-4664-93D9-B906D296B9F8}.Debug|Any CPU.ActiveCfg = Debug|Any CPU
		{56F7B301-5ADE-4664-93D9-B906D296B9F8}.Debug|Any CPU.Build.0 = Debug|Any CPU
		{56F7B301-5ADE-4664-93D9-B906D296B9F8}.Release|Any CPU.ActiveCfg = Release|Any CPU
		{56F7B301-5ADE-4664-93D9-B906D296B9F8}.Release|Any CPU.Build.0 = Release|Any CPU
	EndGlobalSection
	GlobalSection(SolutionProperties) = preSolution
		HideSolutionNode = FALSE
	EndGlobalSection
	GlobalSection(NestedProjects) = preSolution
		{36D03BF5-2DBE-4008-82BD-D4FA7DA055C6} = {C59D243D-C6D8-4C7B-93D0-410F15E18EC4}
		{99C7F2E8-6833-4CCA-93C3-91BE28954241} = {C59D243D-C6D8-4C7B-93D0-410F15E18EC4}
		{2FD31AF3-3680-484B-A54D-3C1895E2D470} = {2371DB44-C3F0-4BE0-9589-4A8F02C3D1EB}
		{F6A10E5C-74B3-43BA-A6A4-3A4C39388913} = {C59D243D-C6D8-4C7B-93D0-410F15E18EC4}
		{D4C47205-EADA-4B1D-B5EE-0654135E0CD5} = {C59D243D-C6D8-4C7B-93D0-410F15E18EC4}
		{CDADB2D9-FEDE-4696-83DB-026941E52135} = {C59D243D-C6D8-4C7B-93D0-410F15E18EC4}
		{23F82BEC-0EF3-43FA-BF60-355B1397927E} = {C59D243D-C6D8-4C7B-93D0-410F15E18EC4}
		{9AE4DE44-FAC1-489B-AF8F-06CC9D5409D2} = {FBB06389-2258-4BFF-B4E9-98E00658037A}
		{FBB06389-2258-4BFF-B4E9-98E00658037A} = {C59D243D-C6D8-4C7B-93D0-410F15E18EC4}
		{7137D2D6-5736-4B19-8460-2F6E4AADB182} = {FBB06389-2258-4BFF-B4E9-98E00658037A}
		{1E67FA82-BC9C-4C31-BFE4-527869E43DF7} = {FBB06389-2258-4BFF-B4E9-98E00658037A}
		{DAB4C153-646A-4992-866F-9974CC1295D5} = {FBB06389-2258-4BFF-B4E9-98E00658037A}
		{9437E056-6B0C-4B67-9CA7-18BAEF750431} = {C59D243D-C6D8-4C7B-93D0-410F15E18EC4}
		{E921200B-1904-402F-8B94-C51948E9E69E} = {5A37EDFD-C23A-4B06-9192-048D2E1D6E32}
		{746ED270-62F2-4D83-B276-C8333696ACA3} = {FBB06389-2258-4BFF-B4E9-98E00658037A}
		{CD0598BE-9A1A-4BF0-92A8-253691359E09} = {C59D243D-C6D8-4C7B-93D0-410F15E18EC4}
		{A74A1647-0C3B-4C47-BCD0-6442D59BEFA6} = {FBB06389-2258-4BFF-B4E9-98E00658037A}
		{9C2E42A9-5E6F-41F4-8CD4-BDEF62D069F5} = {C59D243D-C6D8-4C7B-93D0-410F15E18EC4}
		{2AC0DBA9-5FD1-46D6-A05E-226A1F5EA6F6} = {C59D243D-C6D8-4C7B-93D0-410F15E18EC4}
		{6189C9CA-9172-4297-ABB9-05E05FDD2DAD} = {5A37EDFD-C23A-4B06-9192-048D2E1D6E32}
		{C90A4EAC-61A1-4D4A-906C-52831EF8177E} = {FBB06389-2258-4BFF-B4E9-98E00658037A}
		{3CDCEBC0-E8E2-4F27-BC32-14FE0D197963} = {2371DB44-C3F0-4BE0-9589-4A8F02C3D1EB}
		{56F7B301-5ADE-4664-93D9-B906D296B9F8} = {5A37EDFD-C23A-4B06-9192-048D2E1D6E32}
	EndGlobalSection
	GlobalSection(ExtensibilityGlobals) = postSolution
		SolutionGuid = {AE586576-EBFD-4D0A-B9E5-E05BA750058E}
	EndGlobalSection
EndGlobal
